
Microsoft Visual Studio Solution File, Format Version 12.00
# Visual Studio Version 16
VisualStudioVersion = 16.0.29920.165
MinimumVisualStudioVersion = 10.0.40219.1
Project("{FAE04EC0-301F-11D3-BF4B-00C04F79EFBC}") = "TempleOfWishes", "TempleOfWishes\TempleOfWishes.csproj", "{6498A18F-D594-4F08-95FE-8300C474849D}"
EndProject
Project("{FAE04EC0-301F-11D3-BF4B-00C04F79EFBC}") = "TempleOfWishes.Test", "TempleOfWishes.Test\TempleOfWishes.Test.csproj", "{8E5F3F8D-0785-4D70-9A0F-9A8916079956}"
EndProject
Global
	GlobalSection(SolutionConfigurationPlatforms) = preSolution
		Debug|Any CPU = Debug|Any CPU
		Release|Any CPU = Release|Any CPU
	EndGlobalSection
	GlobalSection(ProjectConfigurationPlatforms) = postSolution
		{6498A18F-D594-4F08-95FE-8300C474849D}.Debug|Any CPU.ActiveCfg = Debug|Any CPU
		{6498A18F-D594-4F08-95FE-8300C474849D}.Debug|Any CPU.Build.0 = Debug|Any CPU
		{6498A18F-D594-4F08-95FE-8300C474849D}.Release|Any CPU.ActiveCfg = Release|Any CPU
		{6498A18F-D594-4F08-95FE-8300C474849D}.Release|Any CPU.Build.0 = Release|Any CPU
		{8E5F3F8D-0785-4D70-9A0F-9A8916079956}.Debug|Any CPU.ActiveCfg = Debug|Any CPU
		{8E5F3F8D-0785-4D70-9A0F-9A8916079956}.Debug|Any CPU.Build.0 = Debug|Any CPU
		{8E5F3F8D-0785-4D70-9A0F-9A8916079956}.Release|Any CPU.ActiveCfg = Release|Any CPU
		{8E5F3F8D-0785-4D70-9A0F-9A8916079956}.Release|Any CPU.Build.0 = Release|Any CPU
	EndGlobalSection
	GlobalSection(SolutionProperties) = preSolution
		HideSolutionNode = FALSE
	EndGlobalSection
	GlobalSection(ExtensibilityGlobals) = postSolution
		SolutionGuid = {7C9D826D-EEF9-415D-B540-0B3DDA4972B6}
	EndGlobalSection
EndGlobal
